// !$*UTF8*$!
{
	archiveVersion = 1;
	classes = {
	};
	objectVersion = 46;
	objects = {

/* Begin PBXBuildFile section */
		1B59BC711D0014D8002F7353 /* main.m in Sources */ = {isa = PBXBuildFile; fileRef = 1B59BC701D0014D8002F7353 /* main.m */; };
		1B59BC741D0014D8002F7353 /* AppDelegate.m in Sources */ = {isa = PBXBuildFile; fileRef = 1B59BC731D0014D8002F7353 /* AppDelegate.m */; };
		1B59BC771D0014D8002F7353 /* ViewController.m in Sources */ = {isa = PBXBuildFile; fileRef = 1B59BC761D0014D8002F7353 /* ViewController.m */; };
		1B59BC7A1D0014D8002F7353 /* Main.storyboard in Resources */ = {isa = PBXBuildFile; fileRef = 1B59BC781D0014D8002F7353 /* Main.storyboard */; };
		1B59BC7C1D0014D8002F7353 /* Assets.xcassets in Resources */ = {isa = PBXBuildFile; fileRef = 1B59BC7B1D0014D8002F7353 /* Assets.xcassets */; };
		1B59BC7F1D0014D8002F7353 /* LaunchScreen.storyboard in Resources */ = {isa = PBXBuildFile; fileRef = 1B59BC7D1D0014D8002F7353 /* LaunchScreen.storyboard */; };
		1B59BC8B1D001849002F7353 /* TestObject.m in Sources */ = {isa = PBXBuildFile; fileRef = 1B59BC8A1D001849002F7353 /* TestObject.m */; };
		9F90EAF520FCAD2A001B3206 /* AVKit.framework in Frameworks */ = {isa = PBXBuildFile; fileRef = 9F90EAF320FCAD2A001B3206 /* AVKit.framework */; };
		9F90EAF620FCAD2A001B3206 /* AVFoundation.framework in Frameworks */ = {isa = PBXBuildFile; fileRef = 9F90EAF420FCAD2A001B3206 /* AVFoundation.framework */; };
		9F90EAF820FCAD37001B3206 /* WebKit.framework in Frameworks */ = {isa = PBXBuildFile; fileRef = 9F90EAF720FCAD37001B3206 /* WebKit.framework */; };
		9F9C6C2720F5ADBE0066AAD9 /* NSObject+kmHookBlock.m in Sources */ = {isa = PBXBuildFile; fileRef = 9F9C6C2320F5ADBE0066AAD9 /* NSObject+kmHookBlock.m */; };
		C2079FB7214A5C450089C58E /* KMTrackOCMsg.framework in Frameworks */ = {isa = PBXBuildFile; fileRef = C2079FB4214A5C030089C58E /* KMTrackOCMsg.framework */; };
/* End PBXBuildFile section */

/* Begin PBXContainerItemProxy section */
		C2079FB3214A5C030089C58E /* PBXContainerItemProxy */ = {
			isa = PBXContainerItemProxy;
			containerPortal = C2079FAF214A5C030089C58E /* KMTrackOCMsg.xcodeproj */;
			proxyType = 2;
			remoteGlobalIDString = C2079EF2214A59910089C58E;
			remoteInfo = KMTrackOCMsg;
		};
		C2079FB5214A5C0D0089C58E /* PBXContainerItemProxy */ = {
			isa = PBXContainerItemProxy;
			containerPortal = C2079FAF214A5C030089C58E /* KMTrackOCMsg.xcodeproj */;
			proxyType = 1;
			remoteGlobalIDString = C2079EF1214A59910089C58E;
			remoteInfo = KMTrackOCMsg;
		};
/* End PBXContainerItemProxy section */

/* Begin PBXFileReference section */
		1B59BC6C1D0014D8002F7353 /* KMTrackOCMsgDemo.app */ = {isa = PBXFileReference; explicitFileType = wrapper.application; includeInIndex = 0; path = KMTrackOCMsgDemo.app; sourceTree = BUILT_PRODUCTS_DIR; };
		1B59BC701D0014D8002F7353 /* main.m */ = {isa = PBXFileReference; lastKnownFileType = sourcecode.c.objc; path = main.m; sourceTree = "<group>"; };
		1B59BC721D0014D8002F7353 /* AppDelegate.h */ = {isa = PBXFileReference; lastKnownFileType = sourcecode.c.h; path = AppDelegate.h; sourceTree = "<group>"; };
		1B59BC731D0014D8002F7353 /* AppDelegate.m */ = {isa = PBXFileReference; lastKnownFileType = sourcecode.c.objc; path = AppDelegate.m; sourceTree = "<group>"; };
		1B59BC751D0014D8002F7353 /* ViewController.h */ = {isa = PBXFileReference; lastKnownFileType = sourcecode.c.h; path = ViewController.h; sourceTree = "<group>"; };
		1B59BC761D0014D8002F7353 /* ViewController.m */ = {isa = PBXFileReference; lastKnownFileType = sourcecode.c.objc; path = ViewController.m; sourceTree = "<group>"; };
		1B59BC791D0014D8002F7353 /* Base */ = {isa = PBXFileReference; lastKnownFileType = file.storyboard; name = Base; path = Base.lproj/Main.storyboard; sourceTree = "<group>"; };
		1B59BC7B1D0014D8002F7353 /* Assets.xcassets */ = {isa = PBXFileReference; lastKnownFileType = folder.assetcatalog; path = Assets.xcassets; sourceTree = "<group>"; };
		1B59BC7E1D0014D8002F7353 /* Base */ = {isa = PBXFileReference; lastKnownFileType = file.storyboard; name = Base; path = Base.lproj/LaunchScreen.storyboard; sourceTree = "<group>"; };
		1B59BC801D0014D8002F7353 /* Info.plist */ = {isa = PBXFileReference; lastKnownFileType = text.plist.xml; path = Info.plist; sourceTree = "<group>"; };
		1B59BC891D001849002F7353 /* TestObject.h */ = {isa = PBXFileReference; fileEncoding = 4; lastKnownFileType = sourcecode.c.h; path = TestObject.h; sourceTree = "<group>"; };
		1B59BC8A1D001849002F7353 /* TestObject.m */ = {isa = PBXFileReference; fileEncoding = 4; lastKnownFileType = sourcecode.c.objc; path = TestObject.m; sourceTree = "<group>"; };
		9F90EAF320FCAD2A001B3206 /* AVKit.framework */ = {isa = PBXFileReference; lastKnownFileType = wrapper.framework; name = AVKit.framework; path = System/Library/Frameworks/AVKit.framework; sourceTree = SDKROOT; };
		9F90EAF420FCAD2A001B3206 /* AVFoundation.framework */ = {isa = PBXFileReference; lastKnownFileType = wrapper.framework; name = AVFoundation.framework; path = System/Library/Frameworks/AVFoundation.framework; sourceTree = SDKROOT; };
		9F90EAF720FCAD37001B3206 /* WebKit.framework */ = {isa = PBXFileReference; lastKnownFileType = wrapper.framework; name = WebKit.framework; path = System/Library/Frameworks/WebKit.framework; sourceTree = SDKROOT; };
		9F9C6C2220F5ADBE0066AAD9 /* NSObject+kmHookBlock.h */ = {isa = PBXFileReference; fileEncoding = 4; lastKnownFileType = sourcecode.c.h; path = "NSObject+kmHookBlock.h"; sourceTree = "<group>"; };
		9F9C6C2320F5ADBE0066AAD9 /* NSObject+kmHookBlock.m */ = {isa = PBXFileReference; fileEncoding = 4; lastKnownFileType = sourcecode.c.objc; path = "NSObject+kmHookBlock.m"; sourceTree = "<group>"; };
		C2079FAF214A5C030089C58E /* KMTrackOCMsg.xcodeproj */ = {isa = PBXFileReference; lastKnownFileType = "wrapper.pb-project"; name = KMTrackOCMsg.xcodeproj; path = KMTrackOCMsg/KMTrackOCMsg.xcodeproj; sourceTree = SOURCE_ROOT; };
/* End PBXFileReference section */

/* Begin PBXFrameworksBuildPhase section */
		1B59BC691D0014D8002F7353 /* Frameworks */ = {
			isa = PBXFrameworksBuildPhase;
			buildActionMask = 2147483647;
			files = (
				C2079FB7214A5C450089C58E /* KMTrackOCMsg.framework in Frameworks */,
				9F90EAF820FCAD37001B3206 /* WebKit.framework in Frameworks */,
				9F90EAF520FCAD2A001B3206 /* AVKit.framework in Frameworks */,
				9F90EAF620FCAD2A001B3206 /* AVFoundation.framework in Frameworks */,
			);
			runOnlyForDeploymentPostprocessing = 0;
		};
/* End PBXFrameworksBuildPhase section */

/* Begin PBXGroup section */
		1B59BC631D0014D8002F7353 = {
			isa = PBXGroup;
			children = (
				1B59BC6E1D0014D8002F7353 /* KMTrackOCMsgDemo */,
				1B59BC6D1D0014D8002F7353 /* Products */,
				9F90EAF220FCAD2A001B3206 /* Frameworks */,
			);
			sourceTree = "<group>";
		};
		1B59BC6D1D0014D8002F7353 /* Products */ = {
			isa = PBXGroup;
			children = (
				1B59BC6C1D0014D8002F7353 /* KMTrackOCMsgDemo.app */,
			);
			name = Products;
			sourceTree = "<group>";
		};
		1B59BC6E1D0014D8002F7353 /* KMTrackOCMsgDemo */ = {
			isa = PBXGroup;
			children = (
				C2079FAF214A5C030089C58E /* KMTrackOCMsg.xcodeproj */,
				9F9C6C1B20F5ADBE0066AAD9 /* kmHookBlock */,
				1B59BC721D0014D8002F7353 /* AppDelegate.h */,
				1B59BC731D0014D8002F7353 /* AppDelegate.m */,
				1B59BC751D0014D8002F7353 /* ViewController.h */,
				1B59BC761D0014D8002F7353 /* ViewController.m */,
				1B59BC781D0014D8002F7353 /* Main.storyboard */,
				1B59BC7B1D0014D8002F7353 /* Assets.xcassets */,
				1B59BC7D1D0014D8002F7353 /* LaunchScreen.storyboard */,
				1B59BC801D0014D8002F7353 /* Info.plist */,
				1B59BC6F1D0014D8002F7353 /* Supporting Files */,
				1B59BC891D001849002F7353 /* TestObject.h */,
				1B59BC8A1D001849002F7353 /* TestObject.m */,
			);
			path = KMTrackOCMsgDemo;
			sourceTree = "<group>";
		};
		1B59BC6F1D0014D8002F7353 /* Supporting Files */ = {
			isa = PBXGroup;
			children = (
				1B59BC701D0014D8002F7353 /* main.m */,
			);
			name = "Supporting Files";
			sourceTree = "<group>";
		};
		9F90EAF220FCAD2A001B3206 /* Frameworks */ = {
			isa = PBXGroup;
			children = (
				9F90EAF720FCAD37001B3206 /* WebKit.framework */,
				9F90EAF420FCAD2A001B3206 /* AVFoundation.framework */,
				9F90EAF320FCAD2A001B3206 /* AVKit.framework */,
			);
			name = Frameworks;
			sourceTree = "<group>";
		};
		9F9C6C1B20F5ADBE0066AAD9 /* kmHookBlock */ = {
			isa = PBXGroup;
			children = (
				9F9C6C2220F5ADBE0066AAD9 /* NSObject+kmHookBlock.h */,
				9F9C6C2320F5ADBE0066AAD9 /* NSObject+kmHookBlock.m */,
			);
			path = kmHookBlock;
			sourceTree = "<group>";
		};
		C2079FB0214A5C030089C58E /* Products */ = {
			isa = PBXGroup;
			children = (
				C2079FB4214A5C030089C58E /* KMTrackOCMsg.framework */,
			);
			name = Products;
			sourceTree = "<group>";
		};
/* End PBXGroup section */

/* Begin PBXNativeTarget section */
		1B59BC6B1D0014D8002F7353 /* KMTrackOCMsgDemo */ = {
			isa = PBXNativeTarget;
			buildConfigurationList = 1B59BC831D0014D8002F7353 /* Build configuration list for PBXNativeTarget "KMTrackOCMsgDemo" */;
			buildPhases = (
				1B59BC681D0014D8002F7353 /* Sources */,
				1B59BC691D0014D8002F7353 /* Frameworks */,
				1B59BC6A1D0014D8002F7353 /* Resources */,
			);
			buildRules = (
			);
			dependencies = (
				C2079FB6214A5C0D0089C58E /* PBXTargetDependency */,
			);
			name = KMTrackOCMsgDemo;
			productName = BPUnrecognizedDemo;
			productReference = 1B59BC6C1D0014D8002F7353 /* KMTrackOCMsgDemo.app */;
			productType = "com.apple.product-type.application";
		};
/* End PBXNativeTarget section */

/* Begin PBXProject section */
		1B59BC641D0014D8002F7353 /* Project object */ = {
			isa = PBXProject;
			attributes = {
				LastUpgradeCheck = 0730;
				ORGANIZATIONNAME = BP;
				TargetAttributes = {
					1B59BC6B1D0014D8002F7353 = {
						CreatedOnToolsVersion = 7.3.1;
						DevelopmentTeam = 74YUQF4FAH;
					};
				};
			};
			buildConfigurationList = 1B59BC671D0014D8002F7353 /* Build configuration list for PBXProject "KMTrackOCMsgDemo" */;
			compatibilityVersion = "Xcode 3.2";
			developmentRegion = English;
			hasScannedForEncodings = 0;
			knownRegions = (
				en,
				Base,
			);
			mainGroup = 1B59BC631D0014D8002F7353;
			productRefGroup = 1B59BC6D1D0014D8002F7353 /* Products */;
			projectDirPath = "";
			projectReferences = (
				{
					ProductGroup = C2079FB0214A5C030089C58E /* Products */;
					ProjectRef = C2079FAF214A5C030089C58E /* KMTrackOCMsg.xcodeproj */;
				},
			);
			projectRoot = "";
			targets = (
				1B59BC6B1D0014D8002F7353 /* KMTrackOCMsgDemo */,
			);
		};
/* End PBXProject section */

/* Begin PBXReferenceProxy section */
		C2079FB4214A5C030089C58E /* KMTrackOCMsg.framework */ = {
			isa = PBXReferenceProxy;
			fileType = wrapper.framework;
			path = KMTrackOCMsg.framework;
			remoteRef = C2079FB3214A5C030089C58E /* PBXContainerItemProxy */;
			sourceTree = BUILT_PRODUCTS_DIR;
		};
/* End PBXReferenceProxy section */

/* Begin PBXResourcesBuildPhase section */
		1B59BC6A1D0014D8002F7353 /* Resources */ = {
			isa = PBXResourcesBuildPhase;
			buildActionMask = 2147483647;
			files = (
				1B59BC7F1D0014D8002F7353 /* LaunchScreen.storyboard in Resources */,
				1B59BC7C1D0014D8002F7353 /* Assets.xcassets in Resources */,
				1B59BC7A1D0014D8002F7353 /* Main.storyboard in Resources */,
			);
			runOnlyForDeploymentPostprocessing = 0;
		};
/* End PBXResourcesBuildPhase section */

/* Begin PBXSourcesBuildPhase section */
		1B59BC681D0014D8002F7353 /* Sources */ = {
			isa = PBXSourcesBuildPhase;
			buildActionMask = 2147483647;
			files = (
				1B59BC771D0014D8002F7353 /* ViewController.m in Sources */,
				9F9C6C2720F5ADBE0066AAD9 /* NSObject+kmHookBlock.m in Sources */,
				1B59BC8B1D001849002F7353 /* TestObject.m in Sources */,
				1B59BC741D0014D8002F7353 /* AppDelegate.m in Sources */,
				1B59BC711D0014D8002F7353 /* main.m in Sources */,
			);
			runOnlyForDeploymentPostprocessing = 0;
		};
/* End PBXSourcesBuildPhase section */

/* Begin PBXTargetDependency section */
		C2079FB6214A5C0D0089C58E /* PBXTargetDependency */ = {
			isa = PBXTargetDependency;
			name = KMTrackOCMsg;
			targetProxy = C2079FB5214A5C0D0089C58E /* PBXContainerItemProxy */;
		};
/* End PBXTargetDependency section */

/* Begin PBXVariantGroup section */
		1B59BC781D0014D8002F7353 /* Main.storyboard */ = {
			isa = PBXVariantGroup;
			children = (
				1B59BC791D0014D8002F7353 /* Base */,
			);
			name = Main.storyboard;
			sourceTree = "<group>";
		};
		1B59BC7D1D0014D8002F7353 /* LaunchScreen.storyboard */ = {
			isa = PBXVariantGroup;
			children = (
				1B59BC7E1D0014D8002F7353 /* Base */,
			);
			name = LaunchScreen.storyboard;
			sourceTree = "<group>";
		};
/* End PBXVariantGroup section */

/* Begin XCBuildConfiguration section */
		1B59BC811D0014D8002F7353 /* Debug */ = {
			isa = XCBuildConfiguration;
			buildSettings = {
				ALWAYS_SEARCH_USER_PATHS = NO;
				CLANG_ANALYZER_NONNULL = YES;
				CLANG_CXX_LANGUAGE_STANDARD = "gnu++0x";
				CLANG_CXX_LIBRARY = "libc++";
				CLANG_ENABLE_MODULES = YES;
				CLANG_ENABLE_OBJC_ARC = YES;
				CLANG_WARN_BOOL_CONVERSION = YES;
				CLANG_WARN_CONSTANT_CONVERSION = YES;
				CLANG_WARN_DIRECT_OBJC_ISA_USAGE = YES_ERROR;
				CLANG_WARN_EMPTY_BODY = YES;
				CLANG_WARN_ENUM_CONVERSION = YES;
				CLANG_WARN_INT_CONVERSION = YES;
				CLANG_WARN_OBJC_ROOT_CLASS = YES_ERROR;
				CLANG_WARN_UNREACHABLE_CODE = YES;
				CLANG_WARN__DUPLICATE_METHOD_MATCH = YES;
				"CODE_SIGN_IDENTITY[sdk=iphoneos*]" = "iPhone Developer";
				COPY_PHASE_STRIP = NO;
				DEBUG_INFORMATION_FORMAT = dwarf;
				ENABLE_STRICT_OBJC_MSGSEND = YES;
				ENABLE_TESTABILITY = YES;
				GCC_C_LANGUAGE_STANDARD = gnu99;
				GCC_DYNAMIC_NO_PIC = NO;
				GCC_NO_COMMON_BLOCKS = YES;
				GCC_OPTIMIZATION_LEVEL = 0;
				GCC_PREPROCESSOR_DEFINITIONS = (
					"DEBUG=1",
					"$(inherited)",
				);
				GCC_WARN_64_TO_32_BIT_CONVERSION = YES;
				GCC_WARN_ABOUT_RETURN_TYPE = YES_ERROR;
				GCC_WARN_UNDECLARED_SELECTOR = YES;
				GCC_WARN_UNINITIALIZED_AUTOS = YES_AGGRESSIVE;
				GCC_WARN_UNUSED_FUNCTION = YES;
				GCC_WARN_UNUSED_VARIABLE = YES;
				IPHONEOS_DEPLOYMENT_TARGET = 9.3;
				MTL_ENABLE_DEBUG_INFO = YES;
				ONLY_ACTIVE_ARCH = YES;
				SDKROOT = iphoneos;
			};
			name = Debug;
		};
		1B59BC821D0014D8002F7353 /* Release */ = {
			isa = XCBuildConfiguration;
			buildSettings = {
				ALWAYS_SEARCH_USER_PATHS = NO;
				CLANG_ANALYZER_NONNULL = YES;
				CLANG_CXX_LANGUAGE_STANDARD = "gnu++0x";
				CLANG_CXX_LIBRARY = "libc++";
				CLANG_ENABLE_MODULES = YES;
				CLANG_ENABLE_OBJC_ARC = YES;
				CLANG_WARN_BOOL_CONVERSION = YES;
				CLANG_WARN_CONSTANT_CONVERSION = YES;
				CLANG_WARN_DIRECT_OBJC_ISA_USAGE = YES_ERROR;
				CLANG_WARN_EMPTY_BODY = YES;
				CLANG_WARN_ENUM_CONVERSION = YES;
				CLANG_WARN_INT_CONVERSION = YES;
				CLANG_WARN_OBJC_ROOT_CLASS = YES_ERROR;
				CLANG_WARN_UNREACHABLE_CODE = YES;
				CLANG_WARN__DUPLICATE_METHOD_MATCH = YES;
				"CODE_SIGN_IDENTITY[sdk=iphoneos*]" = "iPhone Developer";
				COPY_PHASE_STRIP = NO;
				DEBUG_INFORMATION_FORMAT = "dwarf-with-dsym";
				ENABLE_NS_ASSERTIONS = NO;
				ENABLE_STRICT_OBJC_MSGSEND = YES;
				GCC_C_LANGUAGE_STANDARD = gnu99;
				GCC_NO_COMMON_BLOCKS = YES;
				GCC_WARN_64_TO_32_BIT_CONVERSION = YES;
				GCC_WARN_ABOUT_RETURN_TYPE = YES_ERROR;
				GCC_WARN_UNDECLARED_SELECTOR = YES;
				GCC_WARN_UNINITIALIZED_AUTOS = YES_AGGRESSIVE;
				GCC_WARN_UNUSED_FUNCTION = YES;
				GCC_WARN_UNUSED_VARIABLE = YES;
				IPHONEOS_DEPLOYMENT_TARGET = 9.3;
				MTL_ENABLE_DEBUG_INFO = NO;
				SDKROOT = iphoneos;
				VALIDATE_PRODUCT = YES;
			};
			name = Release;
		};
		1B59BC841D0014D8002F7353 /* Debug */ = {
			isa = XCBuildConfiguration;
			buildSettings = {
				ASSETCATALOG_COMPILER_APPICON_NAME = AppIcon;
				DEVELOPMENT_TEAM = 74YUQF4FAH;
				INFOPLIST_FILE = KMTrackOCMsgDemo/Info.plist;
				IPHONEOS_DEPLOYMENT_TARGET = 9;
				LD_RUNPATH_SEARCH_PATHS = "$(inherited) @executable_path/Frameworks";
				LIBRARY_SEARCH_PATHS = (
					"$(inherited)",
					"$(PROJECT_DIR)/KMTrackOCMsgDemo/libffi",
				);
				OTHER_LDFLAGS = "-ObjC";
				PRODUCT_BUNDLE_IDENTIFIER = com.bp.test.BPUnrecognizedDemo;
				PRODUCT_NAME = "$(TARGET_NAME)";
			};
			name = Debug;
		};
		1B59BC851D0014D8002F7353 /* Release */ = {
			isa = XCBuildConfiguration;
			buildSettings = {
				ASSETCATALOG_COMPILER_APPICON_NAME = AppIcon;
				DEVELOPMENT_TEAM = 74YUQF4FAH;
				INFOPLIST_FILE = KMTrackOCMsgDemo/Info.plist;
				IPHONEOS_DEPLOYMENT_TARGET = 9;
				LD_RUNPATH_SEARCH_PATHS = "$(inherited) @executable_path/Frameworks";
				LIBRARY_SEARCH_PATHS = (
					"$(inherited)",
					"$(PROJECT_DIR)/KMTrackOCMsgDemo/libffi",
				);
				OTHER_LDFLAGS = "-ObjC";
				PRODUCT_BUNDLE_IDENTIFIER = com.bp.test.BPUnrecognizedDemo;
				PRODUCT_NAME = "$(TARGET_NAME)";
			};
			name = Release;
		};
/* End XCBuildConfiguration section */

/* Begin XCConfigurationList section */
		1B59BC671D0014D8002F7353 /* Build configuration list for PBXProject "KMTrackOCMsgDemo" */ = {
			isa = XCConfigurationList;
			buildConfigurations = (
				1B59BC811D0014D8002F7353 /* Debug */,
				1B59BC821D0014D8002F7353 /* Release */,
			);
			defaultConfigurationIsVisible = 0;
			defaultConfigurationName = Release;
		};
		1B59BC831D0014D8002F7353 /* Build configuration list for PBXNativeTarget "KMTrackOCMsgDemo" */ = {
			isa = XCConfigurationList;
			buildConfigurations = (
				1B59BC841D0014D8002F7353 /* Debug */,
				1B59BC851D0014D8002F7353 /* Release */,
			);
			defaultConfigurationIsVisible = 0;
			defaultConfigurationName = Release;
		};
/* End XCConfigurationList section */
	};
	rootObject = 1B59BC641D0014D8002F7353 /* Project object */;
}
