// !$*UTF8*$!
{
	archiveVersion = 1;
	classes = {
	};
	objectVersion = 46;
	objects = {

/* Begin PBXBuildFile section */
		1B59BC711D0014D8002F7353 /* main.m in Sources */ = {isa = PBXBuildFile; fileRef = 1B59BC701D0014D8002F7353 /* main.m */; };
		1B59BC741D0014D8002F7353 /* AppDelegate.m in Sources */ = {isa = PBXBuildFile; fileRef = 1B59BC731D0014D8002F7353 /* AppDelegate.m */; };
		1B59BC771D0014D8002F7353 /* ViewController.m in Sources */ = {isa = PBXBuildFile; fileRef = 1B59BC761D0014D8002F7353 /* ViewController.m */; };
		1B59BC7A1D0014D8002F7353 /* Main.storyboard in Resources */ = {isa = PBXBuildFile; fileRef = 1B59BC781D0014D8002F7353 /* Main.storyboard */; };
		1B59BC7C1D0014D8002F7353 /* Assets.xcassets in Resources */ = {isa = PBXBuildFile; fileRef = 1B59BC7B1D0014D8002F7353 /* Assets.xcassets */; };
		1B59BC7F1D0014D8002F7353 /* LaunchScreen.storyboard in Resources */ = {isa = PBXBuildFile; fileRef = 1B59BC7D1D0014D8002F7353 /* LaunchScreen.storyboard */; };
		1B59BC881D00171E002F7353 /* MethodHook.m in Sources */ = {isa = PBXBuildFile; fileRef = 1B59BC871D00171E002F7353 /* MethodHook.m */; };
		1B59BC8B1D001849002F7353 /* TestObject.m in Sources */ = {isa = PBXBuildFile; fileRef = 1B59BC8A1D001849002F7353 /* TestObject.m */; };
		9F8DF14620F702F7001169FA /* NSInvocation+OCMAdditions.m in Sources */ = {isa = PBXBuildFile; fileRef = 9F8DF10020F702F7001169FA /* NSInvocation+OCMAdditions.m */; settings = {COMPILER_FLAGS = "-fno-objc-arc"; }; };
		9F8DF14720F702F7001169FA /* NSMethodSignature+OCMAdditions.m in Sources */ = {isa = PBXBuildFile; fileRef = 9F8DF10220F702F7001169FA /* NSMethodSignature+OCMAdditions.m */; settings = {COMPILER_FLAGS = "-fno-objc-arc"; }; };
		9F8DF14820F702F7001169FA /* NSNotificationCenter+OCMAdditions.m in Sources */ = {isa = PBXBuildFile; fileRef = 9F8DF10420F702F7001169FA /* NSNotificationCenter+OCMAdditions.m */; settings = {COMPILER_FLAGS = "-fno-objc-arc"; }; };
		9F8DF14920F702F7001169FA /* NSObject+OCMAdditions.m in Sources */ = {isa = PBXBuildFile; fileRef = 9F8DF10620F702F7001169FA /* NSObject+OCMAdditions.m */; settings = {COMPILER_FLAGS = "-fno-objc-arc"; }; };
		9F8DF14A20F702F7001169FA /* NSValue+OCMAdditions.m in Sources */ = {isa = PBXBuildFile; fileRef = 9F8DF10820F702F7001169FA /* NSValue+OCMAdditions.m */; settings = {COMPILER_FLAGS = "-fno-objc-arc"; }; };
		9F8DF14B20F702F7001169FA /* OCClassMockObject.m in Sources */ = {isa = PBXBuildFile; fileRef = 9F8DF10A20F702F7001169FA /* OCClassMockObject.m */; settings = {COMPILER_FLAGS = "-fno-objc-arc"; }; };
		9F8DF14C20F702F7001169FA /* OCMArg.m in Sources */ = {isa = PBXBuildFile; fileRef = 9F8DF10C20F702F7001169FA /* OCMArg.m */; settings = {COMPILER_FLAGS = "-fno-objc-arc"; }; };
		9F8DF14D20F702F7001169FA /* OCMArgAction.m in Sources */ = {isa = PBXBuildFile; fileRef = 9F8DF10E20F702F7001169FA /* OCMArgAction.m */; settings = {COMPILER_FLAGS = "-fno-objc-arc"; }; };
		9F8DF14E20F702F7001169FA /* OCMBlockArgCaller.m in Sources */ = {isa = PBXBuildFile; fileRef = 9F8DF11020F702F7001169FA /* OCMBlockArgCaller.m */; settings = {COMPILER_FLAGS = "-fno-objc-arc"; }; };
		9F8DF14F20F702F7001169FA /* OCMBlockCaller.m in Sources */ = {isa = PBXBuildFile; fileRef = 9F8DF11220F702F7001169FA /* OCMBlockCaller.m */; settings = {COMPILER_FLAGS = "-fno-objc-arc"; }; };
		9F8DF15020F702F7001169FA /* OCMBoxedReturnValueProvider.m in Sources */ = {isa = PBXBuildFile; fileRef = 9F8DF11420F702F7001169FA /* OCMBoxedReturnValueProvider.m */; settings = {COMPILER_FLAGS = "-fno-objc-arc"; }; };
		9F8DF15120F702F7001169FA /* OCMConstraint.m in Sources */ = {isa = PBXBuildFile; fileRef = 9F8DF11620F702F7001169FA /* OCMConstraint.m */; settings = {COMPILER_FLAGS = "-fno-objc-arc"; }; };
		9F8DF15220F702F7001169FA /* OCMExceptionReturnValueProvider.m in Sources */ = {isa = PBXBuildFile; fileRef = 9F8DF11820F702F7001169FA /* OCMExceptionReturnValueProvider.m */; settings = {COMPILER_FLAGS = "-fno-objc-arc"; }; };
		9F8DF15320F702F7001169FA /* OCMExpectationRecorder.m in Sources */ = {isa = PBXBuildFile; fileRef = 9F8DF11A20F702F7001169FA /* OCMExpectationRecorder.m */; settings = {COMPILER_FLAGS = "-fno-objc-arc"; }; };
		9F8DF15420F702F7001169FA /* OCMFunctions.m in Sources */ = {isa = PBXBuildFile; fileRef = 9F8DF11C20F702F7001169FA /* OCMFunctions.m */; settings = {COMPILER_FLAGS = "-fno-objc-arc"; }; };
		9F8DF15520F702F7001169FA /* OCMIndirectReturnValueProvider.m in Sources */ = {isa = PBXBuildFile; fileRef = 9F8DF11F20F702F7001169FA /* OCMIndirectReturnValueProvider.m */; settings = {COMPILER_FLAGS = "-fno-objc-arc"; }; };
		9F8DF15620F702F7001169FA /* OCMInvocationExpectation.m in Sources */ = {isa = PBXBuildFile; fileRef = 9F8DF12120F702F7001169FA /* OCMInvocationExpectation.m */; settings = {COMPILER_FLAGS = "-fno-objc-arc"; }; };
		9F8DF15720F702F7001169FA /* OCMInvocationMatcher.m in Sources */ = {isa = PBXBuildFile; fileRef = 9F8DF12320F702F7001169FA /* OCMInvocationMatcher.m */; settings = {COMPILER_FLAGS = "-fno-objc-arc"; }; };
		9F8DF15820F702F7001169FA /* OCMInvocationStub.m in Sources */ = {isa = PBXBuildFile; fileRef = 9F8DF12520F702F7001169FA /* OCMInvocationStub.m */; settings = {COMPILER_FLAGS = "-fno-objc-arc"; }; };
		9F8DF15920F702F7001169FA /* OCMLocation.m in Sources */ = {isa = PBXBuildFile; fileRef = 9F8DF12720F702F7001169FA /* OCMLocation.m */; settings = {COMPILER_FLAGS = "-fno-objc-arc"; }; };
		9F8DF15A20F702F7001169FA /* OCMMacroState.m in Sources */ = {isa = PBXBuildFile; fileRef = 9F8DF12920F702F7001169FA /* OCMMacroState.m */; settings = {COMPILER_FLAGS = "-fno-objc-arc"; }; };
		9F8DF15B20F702F7001169FA /* OCMNotificationPoster.m in Sources */ = {isa = PBXBuildFile; fileRef = 9F8DF12B20F702F7001169FA /* OCMNotificationPoster.m */; settings = {COMPILER_FLAGS = "-fno-objc-arc"; }; };
		9F8DF15C20F702F7001169FA /* OCMObserverRecorder.m in Sources */ = {isa = PBXBuildFile; fileRef = 9F8DF12D20F702F7001169FA /* OCMObserverRecorder.m */; settings = {COMPILER_FLAGS = "-fno-objc-arc"; }; };
		9F8DF15D20F702F7001169FA /* OCMock-Info.plist in Resources */ = {isa = PBXBuildFile; fileRef = 9F8DF12E20F702F7001169FA /* OCMock-Info.plist */; };
		9F8DF15E20F702F7001169FA /* OCMockObject.m in Sources */ = {isa = PBXBuildFile; fileRef = 9F8DF13220F702F7001169FA /* OCMockObject.m */; settings = {COMPILER_FLAGS = "-fno-objc-arc"; }; };
		9F8DF15F20F702F7001169FA /* OCMPassByRefSetter.m in Sources */ = {isa = PBXBuildFile; fileRef = 9F8DF13420F702F7001169FA /* OCMPassByRefSetter.m */; settings = {COMPILER_FLAGS = "-fno-objc-arc"; }; };
		9F8DF16020F702F7001169FA /* OCMRealObjectForwarder.m in Sources */ = {isa = PBXBuildFile; fileRef = 9F8DF13620F702F7001169FA /* OCMRealObjectForwarder.m */; settings = {COMPILER_FLAGS = "-fno-objc-arc"; }; };
		9F8DF16120F702F7001169FA /* OCMRecorder.m in Sources */ = {isa = PBXBuildFile; fileRef = 9F8DF13820F702F7001169FA /* OCMRecorder.m */; settings = {COMPILER_FLAGS = "-fno-objc-arc"; }; };
		9F8DF16220F702F7001169FA /* OCMReturnValueProvider.m in Sources */ = {isa = PBXBuildFile; fileRef = 9F8DF13A20F702F7001169FA /* OCMReturnValueProvider.m */; settings = {COMPILER_FLAGS = "-fno-objc-arc"; }; };
		9F8DF16320F702F7001169FA /* OCMStubRecorder.m in Sources */ = {isa = PBXBuildFile; fileRef = 9F8DF13C20F702F7001169FA /* OCMStubRecorder.m */; settings = {COMPILER_FLAGS = "-fno-objc-arc"; }; };
		9F8DF16420F702F7001169FA /* OCMVerifier.m in Sources */ = {isa = PBXBuildFile; fileRef = 9F8DF13E20F702F7001169FA /* OCMVerifier.m */; settings = {COMPILER_FLAGS = "-fno-objc-arc"; }; };
		9F8DF16520F702F7001169FA /* OCObserverMockObject.m in Sources */ = {isa = PBXBuildFile; fileRef = 9F8DF14020F702F7001169FA /* OCObserverMockObject.m */; settings = {COMPILER_FLAGS = "-fno-objc-arc"; }; };
		9F8DF16620F702F7001169FA /* OCPartialMockObject.m in Sources */ = {isa = PBXBuildFile; fileRef = 9F8DF14220F702F7001169FA /* OCPartialMockObject.m */; settings = {COMPILER_FLAGS = "-fno-objc-arc"; }; };
		9F8DF16720F702F7001169FA /* OCProtocolMockObject.m in Sources */ = {isa = PBXBuildFile; fileRef = 9F8DF14420F702F7001169FA /* OCProtocolMockObject.m */; settings = {COMPILER_FLAGS = "-fno-objc-arc"; }; };
		9F8DF16B20F73C8A001169FA /* BlockHook.m in Sources */ = {isa = PBXBuildFile; fileRef = 9F8DF16A20F73C8A001169FA /* BlockHook.m */; };
		9F8DF17920F7628C001169FA /* libffi.a in Frameworks */ = {isa = PBXBuildFile; fileRef = 9F8DF17820F7628C001169FA /* libffi.a */; };
		9F9C6C2420F5ADBE0066AAD9 /* CTBlockDescription.m in Sources */ = {isa = PBXBuildFile; fileRef = 9F9C6C1D20F5ADBE0066AAD9 /* CTBlockDescription.m */; };
		9F9C6C2520F5ADBE0066AAD9 /* CTObjectiveCRuntimeAdditions.m in Sources */ = {isa = PBXBuildFile; fileRef = 9F9C6C1F20F5ADBE0066AAD9 /* CTObjectiveCRuntimeAdditions.m */; };
		9F9C6C2620F5ADBE0066AAD9 /* NSObject+hook.m in Sources */ = {isa = PBXBuildFile; fileRef = 9F9C6C2120F5ADBE0066AAD9 /* NSObject+hook.m */; };
		9F9C6C2720F5ADBE0066AAD9 /* NSObject+kmHookBlock.m in Sources */ = {isa = PBXBuildFile; fileRef = 9F9C6C2320F5ADBE0066AAD9 /* NSObject+kmHookBlock.m */; };
/* End PBXBuildFile section */

/* Begin PBXFileReference section */
		1B59BC6C1D0014D8002F7353 /* KMTrackOCMsgDemo.app */ = {isa = PBXFileReference; explicitFileType = wrapper.application; includeInIndex = 0; path = KMTrackOCMsgDemo.app; sourceTree = BUILT_PRODUCTS_DIR; };
		1B59BC701D0014D8002F7353 /* main.m */ = {isa = PBXFileReference; lastKnownFileType = sourcecode.c.objc; path = main.m; sourceTree = "<group>"; };
		1B59BC721D0014D8002F7353 /* AppDelegate.h */ = {isa = PBXFileReference; lastKnownFileType = sourcecode.c.h; path = AppDelegate.h; sourceTree = "<group>"; };
		1B59BC731D0014D8002F7353 /* AppDelegate.m */ = {isa = PBXFileReference; lastKnownFileType = sourcecode.c.objc; path = AppDelegate.m; sourceTree = "<group>"; };
		1B59BC751D0014D8002F7353 /* ViewController.h */ = {isa = PBXFileReference; lastKnownFileType = sourcecode.c.h; path = ViewController.h; sourceTree = "<group>"; };
		1B59BC761D0014D8002F7353 /* ViewController.m */ = {isa = PBXFileReference; lastKnownFileType = sourcecode.c.objc; path = ViewController.m; sourceTree = "<group>"; };
		1B59BC791D0014D8002F7353 /* Base */ = {isa = PBXFileReference; lastKnownFileType = file.storyboard; name = Base; path = Base.lproj/Main.storyboard; sourceTree = "<group>"; };
		1B59BC7B1D0014D8002F7353 /* Assets.xcassets */ = {isa = PBXFileReference; lastKnownFileType = folder.assetcatalog; path = Assets.xcassets; sourceTree = "<group>"; };
		1B59BC7E1D0014D8002F7353 /* Base */ = {isa = PBXFileReference; lastKnownFileType = file.storyboard; name = Base; path = Base.lproj/LaunchScreen.storyboard; sourceTree = "<group>"; };
		1B59BC801D0014D8002F7353 /* Info.plist */ = {isa = PBXFileReference; lastKnownFileType = text.plist.xml; path = Info.plist; sourceTree = "<group>"; };
		1B59BC861D00171E002F7353 /* MethodHook.h */ = {isa = PBXFileReference; fileEncoding = 4; lastKnownFileType = sourcecode.c.h; path = MethodHook.h; sourceTree = "<group>"; };
		1B59BC871D00171E002F7353 /* MethodHook.m */ = {isa = PBXFileReference; fileEncoding = 4; lastKnownFileType = sourcecode.c.objc; path = MethodHook.m; sourceTree = "<group>"; };
		1B59BC891D001849002F7353 /* TestObject.h */ = {isa = PBXFileReference; fileEncoding = 4; lastKnownFileType = sourcecode.c.h; path = TestObject.h; sourceTree = "<group>"; };
		1B59BC8A1D001849002F7353 /* TestObject.m */ = {isa = PBXFileReference; fileEncoding = 4; lastKnownFileType = sourcecode.c.objc; path = TestObject.m; sourceTree = "<group>"; };
		9F8DF0FF20F702F7001169FA /* NSInvocation+OCMAdditions.h */ = {isa = PBXFileReference; fileEncoding = 4; lastKnownFileType = sourcecode.c.h; path = "NSInvocation+OCMAdditions.h"; sourceTree = "<group>"; };
		9F8DF10020F702F7001169FA /* NSInvocation+OCMAdditions.m */ = {isa = PBXFileReference; fileEncoding = 4; lastKnownFileType = sourcecode.c.objc; path = "NSInvocation+OCMAdditions.m"; sourceTree = "<group>"; };
		9F8DF10120F702F7001169FA /* NSMethodSignature+OCMAdditions.h */ = {isa = PBXFileReference; fileEncoding = 4; lastKnownFileType = sourcecode.c.h; path = "NSMethodSignature+OCMAdditions.h"; sourceTree = "<group>"; };
		9F8DF10220F702F7001169FA /* NSMethodSignature+OCMAdditions.m */ = {isa = PBXFileReference; fileEncoding = 4; lastKnownFileType = sourcecode.c.objc; path = "NSMethodSignature+OCMAdditions.m"; sourceTree = "<group>"; };
		9F8DF10320F702F7001169FA /* NSNotificationCenter+OCMAdditions.h */ = {isa = PBXFileReference; fileEncoding = 4; lastKnownFileType = sourcecode.c.h; path = "NSNotificationCenter+OCMAdditions.h"; sourceTree = "<group>"; };
		9F8DF10420F702F7001169FA /* NSNotificationCenter+OCMAdditions.m */ = {isa = PBXFileReference; fileEncoding = 4; lastKnownFileType = sourcecode.c.objc; path = "NSNotificationCenter+OCMAdditions.m"; sourceTree = "<group>"; };
		9F8DF10520F702F7001169FA /* NSObject+OCMAdditions.h */ = {isa = PBXFileReference; fileEncoding = 4; lastKnownFileType = sourcecode.c.h; path = "NSObject+OCMAdditions.h"; sourceTree = "<group>"; };
		9F8DF10620F702F7001169FA /* NSObject+OCMAdditions.m */ = {isa = PBXFileReference; fileEncoding = 4; lastKnownFileType = sourcecode.c.objc; path = "NSObject+OCMAdditions.m"; sourceTree = "<group>"; };
		9F8DF10720F702F7001169FA /* NSValue+OCMAdditions.h */ = {isa = PBXFileReference; fileEncoding = 4; lastKnownFileType = sourcecode.c.h; path = "NSValue+OCMAdditions.h"; sourceTree = "<group>"; };
		9F8DF10820F702F7001169FA /* NSValue+OCMAdditions.m */ = {isa = PBXFileReference; fileEncoding = 4; lastKnownFileType = sourcecode.c.objc; path = "NSValue+OCMAdditions.m"; sourceTree = "<group>"; };
		9F8DF10920F702F7001169FA /* OCClassMockObject.h */ = {isa = PBXFileReference; fileEncoding = 4; lastKnownFileType = sourcecode.c.h; path = OCClassMockObject.h; sourceTree = "<group>"; };
		9F8DF10A20F702F7001169FA /* OCClassMockObject.m */ = {isa = PBXFileReference; fileEncoding = 4; lastKnownFileType = sourcecode.c.objc; path = OCClassMockObject.m; sourceTree = "<group>"; };
		9F8DF10B20F702F7001169FA /* OCMArg.h */ = {isa = PBXFileReference; fileEncoding = 4; lastKnownFileType = sourcecode.c.h; path = OCMArg.h; sourceTree = "<group>"; };
		9F8DF10C20F702F7001169FA /* OCMArg.m */ = {isa = PBXFileReference; fileEncoding = 4; lastKnownFileType = sourcecode.c.objc; path = OCMArg.m; sourceTree = "<group>"; };
		9F8DF10D20F702F7001169FA /* OCMArgAction.h */ = {isa = PBXFileReference; fileEncoding = 4; lastKnownFileType = sourcecode.c.h; path = OCMArgAction.h; sourceTree = "<group>"; };
		9F8DF10E20F702F7001169FA /* OCMArgAction.m */ = {isa = PBXFileReference; fileEncoding = 4; lastKnownFileType = sourcecode.c.objc; path = OCMArgAction.m; sourceTree = "<group>"; };
		9F8DF10F20F702F7001169FA /* OCMBlockArgCaller.h */ = {isa = PBXFileReference; fileEncoding = 4; lastKnownFileType = sourcecode.c.h; path = OCMBlockArgCaller.h; sourceTree = "<group>"; };
		9F8DF11020F702F7001169FA /* OCMBlockArgCaller.m */ = {isa = PBXFileReference; fileEncoding = 4; lastKnownFileType = sourcecode.c.objc; path = OCMBlockArgCaller.m; sourceTree = "<group>"; };
		9F8DF11120F702F7001169FA /* OCMBlockCaller.h */ = {isa = PBXFileReference; fileEncoding = 4; lastKnownFileType = sourcecode.c.h; path = OCMBlockCaller.h; sourceTree = "<group>"; };
		9F8DF11220F702F7001169FA /* OCMBlockCaller.m */ = {isa = PBXFileReference; fileEncoding = 4; lastKnownFileType = sourcecode.c.objc; path = OCMBlockCaller.m; sourceTree = "<group>"; };
		9F8DF11320F702F7001169FA /* OCMBoxedReturnValueProvider.h */ = {isa = PBXFileReference; fileEncoding = 4; lastKnownFileType = sourcecode.c.h; path = OCMBoxedReturnValueProvider.h; sourceTree = "<group>"; };
		9F8DF11420F702F7001169FA /* OCMBoxedReturnValueProvider.m */ = {isa = PBXFileReference; fileEncoding = 4; lastKnownFileType = sourcecode.c.objc; path = OCMBoxedReturnValueProvider.m; sourceTree = "<group>"; };
		9F8DF11520F702F7001169FA /* OCMConstraint.h */ = {isa = PBXFileReference; fileEncoding = 4; lastKnownFileType = sourcecode.c.h; path = OCMConstraint.h; sourceTree = "<group>"; };
		9F8DF11620F702F7001169FA /* OCMConstraint.m */ = {isa = PBXFileReference; fileEncoding = 4; lastKnownFileType = sourcecode.c.objc; path = OCMConstraint.m; sourceTree = "<group>"; };
		9F8DF11720F702F7001169FA /* OCMExceptionReturnValueProvider.h */ = {isa = PBXFileReference; fileEncoding = 4; lastKnownFileType = sourcecode.c.h; path = OCMExceptionReturnValueProvider.h; sourceTree = "<group>"; };
		9F8DF11820F702F7001169FA /* OCMExceptionReturnValueProvider.m */ = {isa = PBXFileReference; fileEncoding = 4; lastKnownFileType = sourcecode.c.objc; path = OCMExceptionReturnValueProvider.m; sourceTree = "<group>"; };
		9F8DF11920F702F7001169FA /* OCMExpectationRecorder.h */ = {isa = PBXFileReference; fileEncoding = 4; lastKnownFileType = sourcecode.c.h; path = OCMExpectationRecorder.h; sourceTree = "<group>"; };
		9F8DF11A20F702F7001169FA /* OCMExpectationRecorder.m */ = {isa = PBXFileReference; fileEncoding = 4; lastKnownFileType = sourcecode.c.objc; path = OCMExpectationRecorder.m; sourceTree = "<group>"; };
		9F8DF11B20F702F7001169FA /* OCMFunctions.h */ = {isa = PBXFileReference; fileEncoding = 4; lastKnownFileType = sourcecode.c.h; path = OCMFunctions.h; sourceTree = "<group>"; };
		9F8DF11C20F702F7001169FA /* OCMFunctions.m */ = {isa = PBXFileReference; fileEncoding = 4; lastKnownFileType = sourcecode.c.objc; path = OCMFunctions.m; sourceTree = "<group>"; };
		9F8DF11D20F702F7001169FA /* OCMFunctionsPrivate.h */ = {isa = PBXFileReference; fileEncoding = 4; lastKnownFileType = sourcecode.c.h; path = OCMFunctionsPrivate.h; sourceTree = "<group>"; };
		9F8DF11E20F702F7001169FA /* OCMIndirectReturnValueProvider.h */ = {isa = PBXFileReference; fileEncoding = 4; lastKnownFileType = sourcecode.c.h; path = OCMIndirectReturnValueProvider.h; sourceTree = "<group>"; };
		9F8DF11F20F702F7001169FA /* OCMIndirectReturnValueProvider.m */ = {isa = PBXFileReference; fileEncoding = 4; lastKnownFileType = sourcecode.c.objc; path = OCMIndirectReturnValueProvider.m; sourceTree = "<group>"; };
		9F8DF12020F702F7001169FA /* OCMInvocationExpectation.h */ = {isa = PBXFileReference; fileEncoding = 4; lastKnownFileType = sourcecode.c.h; path = OCMInvocationExpectation.h; sourceTree = "<group>"; };
		9F8DF12120F702F7001169FA /* OCMInvocationExpectation.m */ = {isa = PBXFileReference; fileEncoding = 4; lastKnownFileType = sourcecode.c.objc; path = OCMInvocationExpectation.m; sourceTree = "<group>"; };
		9F8DF12220F702F7001169FA /* OCMInvocationMatcher.h */ = {isa = PBXFileReference; fileEncoding = 4; lastKnownFileType = sourcecode.c.h; path = OCMInvocationMatcher.h; sourceTree = "<group>"; };
		9F8DF12320F702F7001169FA /* OCMInvocationMatcher.m */ = {isa = PBXFileReference; fileEncoding = 4; lastKnownFileType = sourcecode.c.objc; path = OCMInvocationMatcher.m; sourceTree = "<group>"; };
		9F8DF12420F702F7001169FA /* OCMInvocationStub.h */ = {isa = PBXFileReference; fileEncoding = 4; lastKnownFileType = sourcecode.c.h; path = OCMInvocationStub.h; sourceTree = "<group>"; };
		9F8DF12520F702F7001169FA /* OCMInvocationStub.m */ = {isa = PBXFileReference; fileEncoding = 4; lastKnownFileType = sourcecode.c.objc; path = OCMInvocationStub.m; sourceTree = "<group>"; };
		9F8DF12620F702F7001169FA /* OCMLocation.h */ = {isa = PBXFileReference; fileEncoding = 4; lastKnownFileType = sourcecode.c.h; path = OCMLocation.h; sourceTree = "<group>"; };
		9F8DF12720F702F7001169FA /* OCMLocation.m */ = {isa = PBXFileReference; fileEncoding = 4; lastKnownFileType = sourcecode.c.objc; path = OCMLocation.m; sourceTree = "<group>"; };
		9F8DF12820F702F7001169FA /* OCMMacroState.h */ = {isa = PBXFileReference; fileEncoding = 4; lastKnownFileType = sourcecode.c.h; path = OCMMacroState.h; sourceTree = "<group>"; };
		9F8DF12920F702F7001169FA /* OCMMacroState.m */ = {isa = PBXFileReference; fileEncoding = 4; lastKnownFileType = sourcecode.c.objc; path = OCMMacroState.m; sourceTree = "<group>"; };
		9F8DF12A20F702F7001169FA /* OCMNotificationPoster.h */ = {isa = PBXFileReference; fileEncoding = 4; lastKnownFileType = sourcecode.c.h; path = OCMNotificationPoster.h; sourceTree = "<group>"; };
		9F8DF12B20F702F7001169FA /* OCMNotificationPoster.m */ = {isa = PBXFileReference; fileEncoding = 4; lastKnownFileType = sourcecode.c.objc; path = OCMNotificationPoster.m; sourceTree = "<group>"; };
		9F8DF12C20F702F7001169FA /* OCMObserverRecorder.h */ = {isa = PBXFileReference; fileEncoding = 4; lastKnownFileType = sourcecode.c.h; path = OCMObserverRecorder.h; sourceTree = "<group>"; };
		9F8DF12D20F702F7001169FA /* OCMObserverRecorder.m */ = {isa = PBXFileReference; fileEncoding = 4; lastKnownFileType = sourcecode.c.objc; path = OCMObserverRecorder.m; sourceTree = "<group>"; };
		9F8DF12E20F702F7001169FA /* OCMock-Info.plist */ = {isa = PBXFileReference; fileEncoding = 4; lastKnownFileType = text.plist.xml; path = "OCMock-Info.plist"; sourceTree = "<group>"; };
		9F8DF12F20F702F7001169FA /* OCMock-Prefix.pch */ = {isa = PBXFileReference; fileEncoding = 4; lastKnownFileType = sourcecode.c.h; path = "OCMock-Prefix.pch"; sourceTree = "<group>"; };
		9F8DF13020F702F7001169FA /* OCMock.h */ = {isa = PBXFileReference; fileEncoding = 4; lastKnownFileType = sourcecode.c.h; path = OCMock.h; sourceTree = "<group>"; };
		9F8DF13120F702F7001169FA /* OCMockObject.h */ = {isa = PBXFileReference; fileEncoding = 4; lastKnownFileType = sourcecode.c.h; path = OCMockObject.h; sourceTree = "<group>"; };
		9F8DF13220F702F7001169FA /* OCMockObject.m */ = {isa = PBXFileReference; fileEncoding = 4; lastKnownFileType = sourcecode.c.objc; path = OCMockObject.m; sourceTree = "<group>"; };
		9F8DF13320F702F7001169FA /* OCMPassByRefSetter.h */ = {isa = PBXFileReference; fileEncoding = 4; lastKnownFileType = sourcecode.c.h; path = OCMPassByRefSetter.h; sourceTree = "<group>"; };
		9F8DF13420F702F7001169FA /* OCMPassByRefSetter.m */ = {isa = PBXFileReference; fileEncoding = 4; lastKnownFileType = sourcecode.c.objc; path = OCMPassByRefSetter.m; sourceTree = "<group>"; };
		9F8DF13520F702F7001169FA /* OCMRealObjectForwarder.h */ = {isa = PBXFileReference; fileEncoding = 4; lastKnownFileType = sourcecode.c.h; path = OCMRealObjectForwarder.h; sourceTree = "<group>"; };
		9F8DF13620F702F7001169FA /* OCMRealObjectForwarder.m */ = {isa = PBXFileReference; fileEncoding = 4; lastKnownFileType = sourcecode.c.objc; path = OCMRealObjectForwarder.m; sourceTree = "<group>"; };
		9F8DF13720F702F7001169FA /* OCMRecorder.h */ = {isa = PBXFileReference; fileEncoding = 4; lastKnownFileType = sourcecode.c.h; path = OCMRecorder.h; sourceTree = "<group>"; };
		9F8DF13820F702F7001169FA /* OCMRecorder.m */ = {isa = PBXFileReference; fileEncoding = 4; lastKnownFileType = sourcecode.c.objc; path = OCMRecorder.m; sourceTree = "<group>"; };
		9F8DF13920F702F7001169FA /* OCMReturnValueProvider.h */ = {isa = PBXFileReference; fileEncoding = 4; lastKnownFileType = sourcecode.c.h; path = OCMReturnValueProvider.h; sourceTree = "<group>"; };
		9F8DF13A20F702F7001169FA /* OCMReturnValueProvider.m */ = {isa = PBXFileReference; fileEncoding = 4; lastKnownFileType = sourcecode.c.objc; path = OCMReturnValueProvider.m; sourceTree = "<group>"; };
		9F8DF13B20F702F7001169FA /* OCMStubRecorder.h */ = {isa = PBXFileReference; fileEncoding = 4; lastKnownFileType = sourcecode.c.h; path = OCMStubRecorder.h; sourceTree = "<group>"; };
		9F8DF13C20F702F7001169FA /* OCMStubRecorder.m */ = {isa = PBXFileReference; fileEncoding = 4; lastKnownFileType = sourcecode.c.objc; path = OCMStubRecorder.m; sourceTree = "<group>"; };
		9F8DF13D20F702F7001169FA /* OCMVerifier.h */ = {isa = PBXFileReference; fileEncoding = 4; lastKnownFileType = sourcecode.c.h; path = OCMVerifier.h; sourceTree = "<group>"; };
		9F8DF13E20F702F7001169FA /* OCMVerifier.m */ = {isa = PBXFileReference; fileEncoding = 4; lastKnownFileType = sourcecode.c.objc; path = OCMVerifier.m; sourceTree = "<group>"; };
		9F8DF13F20F702F7001169FA /* OCObserverMockObject.h */ = {isa = PBXFileReference; fileEncoding = 4; lastKnownFileType = sourcecode.c.h; path = OCObserverMockObject.h; sourceTree = "<group>"; };
		9F8DF14020F702F7001169FA /* OCObserverMockObject.m */ = {isa = PBXFileReference; fileEncoding = 4; lastKnownFileType = sourcecode.c.objc; path = OCObserverMockObject.m; sourceTree = "<group>"; };
		9F8DF14120F702F7001169FA /* OCPartialMockObject.h */ = {isa = PBXFileReference; fileEncoding = 4; lastKnownFileType = sourcecode.c.h; path = OCPartialMockObject.h; sourceTree = "<group>"; };
		9F8DF14220F702F7001169FA /* OCPartialMockObject.m */ = {isa = PBXFileReference; fileEncoding = 4; lastKnownFileType = sourcecode.c.objc; path = OCPartialMockObject.m; sourceTree = "<group>"; };
		9F8DF14320F702F7001169FA /* OCProtocolMockObject.h */ = {isa = PBXFileReference; fileEncoding = 4; lastKnownFileType = sourcecode.c.h; path = OCProtocolMockObject.h; sourceTree = "<group>"; };
		9F8DF14420F702F7001169FA /* OCProtocolMockObject.m */ = {isa = PBXFileReference; fileEncoding = 4; lastKnownFileType = sourcecode.c.objc; path = OCProtocolMockObject.m; sourceTree = "<group>"; };
		9F8DF16920F73C8A001169FA /* BlockHook.h */ = {isa = PBXFileReference; lastKnownFileType = sourcecode.c.h; path = BlockHook.h; sourceTree = "<group>"; };
		9F8DF16A20F73C8A001169FA /* BlockHook.m */ = {isa = PBXFileReference; lastKnownFileType = sourcecode.c.objc; path = BlockHook.m; sourceTree = "<group>"; };
		9F8DF16D20F7628C001169FA /* ffi.h */ = {isa = PBXFileReference; fileEncoding = 4; lastKnownFileType = sourcecode.c.h; path = ffi.h; sourceTree = "<group>"; };
		9F8DF16E20F7628C001169FA /* ffi_arm.h */ = {isa = PBXFileReference; fileEncoding = 4; lastKnownFileType = sourcecode.c.h; path = ffi_arm.h; sourceTree = "<group>"; };
		9F8DF16F20F7628C001169FA /* ffi_arm64.h */ = {isa = PBXFileReference; fileEncoding = 4; lastKnownFileType = sourcecode.c.h; path = ffi_arm64.h; sourceTree = "<group>"; };
		9F8DF17020F7628C001169FA /* ffi_common.h */ = {isa = PBXFileReference; fileEncoding = 4; lastKnownFileType = sourcecode.c.h; path = ffi_common.h; sourceTree = "<group>"; };
		9F8DF17120F7628C001169FA /* ffi_i386.h */ = {isa = PBXFileReference; fileEncoding = 4; lastKnownFileType = sourcecode.c.h; path = ffi_i386.h; sourceTree = "<group>"; };
		9F8DF17220F7628C001169FA /* ffi_x86_64.h */ = {isa = PBXFileReference; fileEncoding = 4; lastKnownFileType = sourcecode.c.h; path = ffi_x86_64.h; sourceTree = "<group>"; };
		9F8DF17320F7628C001169FA /* ffitarget.h */ = {isa = PBXFileReference; fileEncoding = 4; lastKnownFileType = sourcecode.c.h; path = ffitarget.h; sourceTree = "<group>"; };
		9F8DF17420F7628C001169FA /* ffitarget_arm.h */ = {isa = PBXFileReference; fileEncoding = 4; lastKnownFileType = sourcecode.c.h; path = ffitarget_arm.h; sourceTree = "<group>"; };
		9F8DF17520F7628C001169FA /* ffitarget_arm64.h */ = {isa = PBXFileReference; fileEncoding = 4; lastKnownFileType = sourcecode.c.h; path = ffitarget_arm64.h; sourceTree = "<group>"; };
		9F8DF17620F7628C001169FA /* ffitarget_i386.h */ = {isa = PBXFileReference; fileEncoding = 4; lastKnownFileType = sourcecode.c.h; path = ffitarget_i386.h; sourceTree = "<group>"; };
		9F8DF17720F7628C001169FA /* ffitarget_x86_64.h */ = {isa = PBXFileReference; fileEncoding = 4; lastKnownFileType = sourcecode.c.h; path = ffitarget_x86_64.h; sourceTree = "<group>"; };
		9F8DF17820F7628C001169FA /* libffi.a */ = {isa = PBXFileReference; lastKnownFileType = archive.ar; path = libffi.a; sourceTree = "<group>"; };
		9F9C6C1C20F5ADBE0066AAD9 /* CTBlockDescription.h */ = {isa = PBXFileReference; fileEncoding = 4; lastKnownFileType = sourcecode.c.h; path = CTBlockDescription.h; sourceTree = "<group>"; };
		9F9C6C1D20F5ADBE0066AAD9 /* CTBlockDescription.m */ = {isa = PBXFileReference; fileEncoding = 4; lastKnownFileType = sourcecode.c.objc; path = CTBlockDescription.m; sourceTree = "<group>"; };
		9F9C6C1E20F5ADBE0066AAD9 /* CTObjectiveCRuntimeAdditions.h */ = {isa = PBXFileReference; fileEncoding = 4; lastKnownFileType = sourcecode.c.h; path = CTObjectiveCRuntimeAdditions.h; sourceTree = "<group>"; };
		9F9C6C1F20F5ADBE0066AAD9 /* CTObjectiveCRuntimeAdditions.m */ = {isa = PBXFileReference; fileEncoding = 4; lastKnownFileType = sourcecode.c.objc; path = CTObjectiveCRuntimeAdditions.m; sourceTree = "<group>"; };
		9F9C6C2020F5ADBE0066AAD9 /* NSObject+hook.h */ = {isa = PBXFileReference; fileEncoding = 4; lastKnownFileType = sourcecode.c.h; path = "NSObject+hook.h"; sourceTree = "<group>"; };
		9F9C6C2120F5ADBE0066AAD9 /* NSObject+hook.m */ = {isa = PBXFileReference; fileEncoding = 4; lastKnownFileType = sourcecode.c.objc; path = "NSObject+hook.m"; sourceTree = "<group>"; };
		9F9C6C2220F5ADBE0066AAD9 /* NSObject+kmHookBlock.h */ = {isa = PBXFileReference; fileEncoding = 4; lastKnownFileType = sourcecode.c.h; path = "NSObject+kmHookBlock.h"; sourceTree = "<group>"; };
		9F9C6C2320F5ADBE0066AAD9 /* NSObject+kmHookBlock.m */ = {isa = PBXFileReference; fileEncoding = 4; lastKnownFileType = sourcecode.c.objc; path = "NSObject+kmHookBlock.m"; sourceTree = "<group>"; };
/* End PBXFileReference section */

/* Begin PBXFrameworksBuildPhase section */
		1B59BC691D0014D8002F7353 /* Frameworks */ = {
			isa = PBXFrameworksBuildPhase;
			buildActionMask = 2147483647;
			files = (
				9F8DF17920F7628C001169FA /* libffi.a in Frameworks */,
			);
			runOnlyForDeploymentPostprocessing = 0;
		};
/* End PBXFrameworksBuildPhase section */

/* Begin PBXGroup section */
		1B59BC631D0014D8002F7353 = {
			isa = PBXGroup;
			children = (
				1B59BC6E1D0014D8002F7353 /* KMTrackOCMsgDemo */,
				1B59BC6D1D0014D8002F7353 /* Products */,
			);
			sourceTree = "<group>";
		};
		1B59BC6D1D0014D8002F7353 /* Products */ = {
			isa = PBXGroup;
			children = (
				1B59BC6C1D0014D8002F7353 /* KMTrackOCMsgDemo.app */,
			);
			name = Products;
			sourceTree = "<group>";
		};
		1B59BC6E1D0014D8002F7353 /* KMTrackOCMsgDemo */ = {
			isa = PBXGroup;
			children = (
				9F8DF16C20F7628C001169FA /* libffi */,
				9F8DF0FC20F702F7001169FA /* OCMock */,
				9F9C6C1B20F5ADBE0066AAD9 /* kmHookBlock */,
				1B59BC861D00171E002F7353 /* MethodHook.h */,
				1B59BC871D00171E002F7353 /* MethodHook.m */,
				9F8DF16920F73C8A001169FA /* BlockHook.h */,
				9F8DF16A20F73C8A001169FA /* BlockHook.m */,
				1B59BC721D0014D8002F7353 /* AppDelegate.h */,
				1B59BC731D0014D8002F7353 /* AppDelegate.m */,
				1B59BC751D0014D8002F7353 /* ViewController.h */,
				1B59BC761D0014D8002F7353 /* ViewController.m */,
				1B59BC781D0014D8002F7353 /* Main.storyboard */,
				1B59BC7B1D0014D8002F7353 /* Assets.xcassets */,
				1B59BC7D1D0014D8002F7353 /* LaunchScreen.storyboard */,
				1B59BC801D0014D8002F7353 /* Info.plist */,
				1B59BC6F1D0014D8002F7353 /* Supporting Files */,
				1B59BC891D001849002F7353 /* TestObject.h */,
				1B59BC8A1D001849002F7353 /* TestObject.m */,
			);
			path = KMTrackOCMsgDemo;
			sourceTree = "<group>";
		};
		1B59BC6F1D0014D8002F7353 /* Supporting Files */ = {
			isa = PBXGroup;
			children = (
				1B59BC701D0014D8002F7353 /* main.m */,
			);
			name = "Supporting Files";
			sourceTree = "<group>";
		};
		9F8DF0FC20F702F7001169FA /* OCMock */ = {
			isa = PBXGroup;
			children = (
				9F8DF0FF20F702F7001169FA /* NSInvocation+OCMAdditions.h */,
				9F8DF10020F702F7001169FA /* NSInvocation+OCMAdditions.m */,
				9F8DF10120F702F7001169FA /* NSMethodSignature+OCMAdditions.h */,
				9F8DF10220F702F7001169FA /* NSMethodSignature+OCMAdditions.m */,
				9F8DF10320F702F7001169FA /* NSNotificationCenter+OCMAdditions.h */,
				9F8DF10420F702F7001169FA /* NSNotificationCenter+OCMAdditions.m */,
				9F8DF10520F702F7001169FA /* NSObject+OCMAdditions.h */,
				9F8DF10620F702F7001169FA /* NSObject+OCMAdditions.m */,
				9F8DF10720F702F7001169FA /* NSValue+OCMAdditions.h */,
				9F8DF10820F702F7001169FA /* NSValue+OCMAdditions.m */,
				9F8DF10920F702F7001169FA /* OCClassMockObject.h */,
				9F8DF10A20F702F7001169FA /* OCClassMockObject.m */,
				9F8DF10B20F702F7001169FA /* OCMArg.h */,
				9F8DF10C20F702F7001169FA /* OCMArg.m */,
				9F8DF10D20F702F7001169FA /* OCMArgAction.h */,
				9F8DF10E20F702F7001169FA /* OCMArgAction.m */,
				9F8DF10F20F702F7001169FA /* OCMBlockArgCaller.h */,
				9F8DF11020F702F7001169FA /* OCMBlockArgCaller.m */,
				9F8DF11120F702F7001169FA /* OCMBlockCaller.h */,
				9F8DF11220F702F7001169FA /* OCMBlockCaller.m */,
				9F8DF11320F702F7001169FA /* OCMBoxedReturnValueProvider.h */,
				9F8DF11420F702F7001169FA /* OCMBoxedReturnValueProvider.m */,
				9F8DF11520F702F7001169FA /* OCMConstraint.h */,
				9F8DF11620F702F7001169FA /* OCMConstraint.m */,
				9F8DF11720F702F7001169FA /* OCMExceptionReturnValueProvider.h */,
				9F8DF11820F702F7001169FA /* OCMExceptionReturnValueProvider.m */,
				9F8DF11920F702F7001169FA /* OCMExpectationRecorder.h */,
				9F8DF11A20F702F7001169FA /* OCMExpectationRecorder.m */,
				9F8DF11B20F702F7001169FA /* OCMFunctions.h */,
				9F8DF11C20F702F7001169FA /* OCMFunctions.m */,
				9F8DF11D20F702F7001169FA /* OCMFunctionsPrivate.h */,
				9F8DF11E20F702F7001169FA /* OCMIndirectReturnValueProvider.h */,
				9F8DF11F20F702F7001169FA /* OCMIndirectReturnValueProvider.m */,
				9F8DF12020F702F7001169FA /* OCMInvocationExpectation.h */,
				9F8DF12120F702F7001169FA /* OCMInvocationExpectation.m */,
				9F8DF12220F702F7001169FA /* OCMInvocationMatcher.h */,
				9F8DF12320F702F7001169FA /* OCMInvocationMatcher.m */,
				9F8DF12420F702F7001169FA /* OCMInvocationStub.h */,
				9F8DF12520F702F7001169FA /* OCMInvocationStub.m */,
				9F8DF12620F702F7001169FA /* OCMLocation.h */,
				9F8DF12720F702F7001169FA /* OCMLocation.m */,
				9F8DF12820F702F7001169FA /* OCMMacroState.h */,
				9F8DF12920F702F7001169FA /* OCMMacroState.m */,
				9F8DF12A20F702F7001169FA /* OCMNotificationPoster.h */,
				9F8DF12B20F702F7001169FA /* OCMNotificationPoster.m */,
				9F8DF12C20F702F7001169FA /* OCMObserverRecorder.h */,
				9F8DF12D20F702F7001169FA /* OCMObserverRecorder.m */,
				9F8DF12E20F702F7001169FA /* OCMock-Info.plist */,
				9F8DF12F20F702F7001169FA /* OCMock-Prefix.pch */,
				9F8DF13020F702F7001169FA /* OCMock.h */,
				9F8DF13120F702F7001169FA /* OCMockObject.h */,
				9F8DF13220F702F7001169FA /* OCMockObject.m */,
				9F8DF13320F702F7001169FA /* OCMPassByRefSetter.h */,
				9F8DF13420F702F7001169FA /* OCMPassByRefSetter.m */,
				9F8DF13520F702F7001169FA /* OCMRealObjectForwarder.h */,
				9F8DF13620F702F7001169FA /* OCMRealObjectForwarder.m */,
				9F8DF13720F702F7001169FA /* OCMRecorder.h */,
				9F8DF13820F702F7001169FA /* OCMRecorder.m */,
				9F8DF13920F702F7001169FA /* OCMReturnValueProvider.h */,
				9F8DF13A20F702F7001169FA /* OCMReturnValueProvider.m */,
				9F8DF13B20F702F7001169FA /* OCMStubRecorder.h */,
				9F8DF13C20F702F7001169FA /* OCMStubRecorder.m */,
				9F8DF13D20F702F7001169FA /* OCMVerifier.h */,
				9F8DF13E20F702F7001169FA /* OCMVerifier.m */,
				9F8DF13F20F702F7001169FA /* OCObserverMockObject.h */,
				9F8DF14020F702F7001169FA /* OCObserverMockObject.m */,
				9F8DF14120F702F7001169FA /* OCPartialMockObject.h */,
				9F8DF14220F702F7001169FA /* OCPartialMockObject.m */,
				9F8DF14320F702F7001169FA /* OCProtocolMockObject.h */,
				9F8DF14420F702F7001169FA /* OCProtocolMockObject.m */,
			);
			path = OCMock;
			sourceTree = "<group>";
		};
		9F8DF16C20F7628C001169FA /* libffi */ = {
			isa = PBXGroup;
			children = (
				9F8DF16D20F7628C001169FA /* ffi.h */,
				9F8DF16E20F7628C001169FA /* ffi_arm.h */,
				9F8DF16F20F7628C001169FA /* ffi_arm64.h */,
				9F8DF17020F7628C001169FA /* ffi_common.h */,
				9F8DF17120F7628C001169FA /* ffi_i386.h */,
				9F8DF17220F7628C001169FA /* ffi_x86_64.h */,
				9F8DF17320F7628C001169FA /* ffitarget.h */,
				9F8DF17420F7628C001169FA /* ffitarget_arm.h */,
				9F8DF17520F7628C001169FA /* ffitarget_arm64.h */,
				9F8DF17620F7628C001169FA /* ffitarget_i386.h */,
				9F8DF17720F7628C001169FA /* ffitarget_x86_64.h */,
				9F8DF17820F7628C001169FA /* libffi.a */,
			);
			path = libffi;
			sourceTree = "<group>";
		};
		9F9C6C1B20F5ADBE0066AAD9 /* kmHookBlock */ = {
			isa = PBXGroup;
			children = (
				9F9C6C1C20F5ADBE0066AAD9 /* CTBlockDescription.h */,
				9F9C6C1D20F5ADBE0066AAD9 /* CTBlockDescription.m */,
				9F9C6C1E20F5ADBE0066AAD9 /* CTObjectiveCRuntimeAdditions.h */,
				9F9C6C1F20F5ADBE0066AAD9 /* CTObjectiveCRuntimeAdditions.m */,
				9F9C6C2020F5ADBE0066AAD9 /* NSObject+hook.h */,
				9F9C6C2120F5ADBE0066AAD9 /* NSObject+hook.m */,
				9F9C6C2220F5ADBE0066AAD9 /* NSObject+kmHookBlock.h */,
				9F9C6C2320F5ADBE0066AAD9 /* NSObject+kmHookBlock.m */,
			);
			path = kmHookBlock;
			sourceTree = "<group>";
		};
/* End PBXGroup section */

/* Begin PBXNativeTarget section */
		1B59BC6B1D0014D8002F7353 /* KMTrackOCMsgDemo */ = {
			isa = PBXNativeTarget;
			buildConfigurationList = 1B59BC831D0014D8002F7353 /* Build configuration list for PBXNativeTarget "KMTrackOCMsgDemo" */;
			buildPhases = (
				1B59BC681D0014D8002F7353 /* Sources */,
				1B59BC691D0014D8002F7353 /* Frameworks */,
				1B59BC6A1D0014D8002F7353 /* Resources */,
			);
			buildRules = (
			);
			dependencies = (
			);
			name = KMTrackOCMsgDemo;
			productName = BPUnrecognizedDemo;
			productReference = 1B59BC6C1D0014D8002F7353 /* KMTrackOCMsgDemo.app */;
			productType = "com.apple.product-type.application";
		};
/* End PBXNativeTarget section */

/* Begin PBXProject section */
		1B59BC641D0014D8002F7353 /* Project object */ = {
			isa = PBXProject;
			attributes = {
				LastUpgradeCheck = 0730;
				ORGANIZATIONNAME = BP;
				TargetAttributes = {
					1B59BC6B1D0014D8002F7353 = {
						CreatedOnToolsVersion = 7.3.1;
						DevelopmentTeam = 74YUQF4FAH;
					};
				};
			};
			buildConfigurationList = 1B59BC671D0014D8002F7353 /* Build configuration list for PBXProject "KMTrackOCMsgDemo" */;
			compatibilityVersion = "Xcode 3.2";
			developmentRegion = English;
			hasScannedForEncodings = 0;
			knownRegions = (
				en,
				Base,
			);
			mainGroup = 1B59BC631D0014D8002F7353;
			productRefGroup = 1B59BC6D1D0014D8002F7353 /* Products */;
			projectDirPath = "";
			projectRoot = "";
			targets = (
				1B59BC6B1D0014D8002F7353 /* KMTrackOCMsgDemo */,
			);
		};
/* End PBXProject section */

/* Begin PBXResourcesBuildPhase section */
		1B59BC6A1D0014D8002F7353 /* Resources */ = {
			isa = PBXResourcesBuildPhase;
			buildActionMask = 2147483647;
			files = (
				1B59BC7F1D0014D8002F7353 /* LaunchScreen.storyboard in Resources */,
				9F8DF15D20F702F7001169FA /* OCMock-Info.plist in Resources */,
				1B59BC7C1D0014D8002F7353 /* Assets.xcassets in Resources */,
				1B59BC7A1D0014D8002F7353 /* Main.storyboard in Resources */,
			);
			runOnlyForDeploymentPostprocessing = 0;
		};
/* End PBXResourcesBuildPhase section */

/* Begin PBXSourcesBuildPhase section */
		1B59BC681D0014D8002F7353 /* Sources */ = {
			isa = PBXSourcesBuildPhase;
			buildActionMask = 2147483647;
			files = (
				9F8DF14620F702F7001169FA /* NSInvocation+OCMAdditions.m in Sources */,
				9F8DF15420F702F7001169FA /* OCMFunctions.m in Sources */,
				9F8DF16020F702F7001169FA /* OCMRealObjectForwarder.m in Sources */,
				9F8DF16420F702F7001169FA /* OCMVerifier.m in Sources */,
				9F8DF15620F702F7001169FA /* OCMInvocationExpectation.m in Sources */,
				1B59BC771D0014D8002F7353 /* ViewController.m in Sources */,
				9F8DF15220F702F7001169FA /* OCMExceptionReturnValueProvider.m in Sources */,
				9F8DF14F20F702F7001169FA /* OCMBlockCaller.m in Sources */,
				9F9C6C2720F5ADBE0066AAD9 /* NSObject+kmHookBlock.m in Sources */,
				9F8DF16B20F73C8A001169FA /* BlockHook.m in Sources */,
				9F8DF15520F702F7001169FA /* OCMIndirectReturnValueProvider.m in Sources */,
				9F8DF15A20F702F7001169FA /* OCMMacroState.m in Sources */,
				9F8DF15920F702F7001169FA /* OCMLocation.m in Sources */,
				9F8DF16320F702F7001169FA /* OCMStubRecorder.m in Sources */,
				9F9C6C2420F5ADBE0066AAD9 /* CTBlockDescription.m in Sources */,
				9F8DF15E20F702F7001169FA /* OCMockObject.m in Sources */,
				9F8DF16120F702F7001169FA /* OCMRecorder.m in Sources */,
				9F8DF15820F702F7001169FA /* OCMInvocationStub.m in Sources */,
				1B59BC881D00171E002F7353 /* MethodHook.m in Sources */,
				9F8DF15F20F702F7001169FA /* OCMPassByRefSetter.m in Sources */,
				9F8DF15C20F702F7001169FA /* OCMObserverRecorder.m in Sources */,
				9F8DF16720F702F7001169FA /* OCProtocolMockObject.m in Sources */,
				1B59BC8B1D001849002F7353 /* TestObject.m in Sources */,
				9F8DF14920F702F7001169FA /* NSObject+OCMAdditions.m in Sources */,
				9F8DF14E20F702F7001169FA /* OCMBlockArgCaller.m in Sources */,
				9F8DF14D20F702F7001169FA /* OCMArgAction.m in Sources */,
				9F8DF15320F702F7001169FA /* OCMExpectationRecorder.m in Sources */,
				1B59BC741D0014D8002F7353 /* AppDelegate.m in Sources */,
				9F8DF14A20F702F7001169FA /* NSValue+OCMAdditions.m in Sources */,
				9F8DF15B20F702F7001169FA /* OCMNotificationPoster.m in Sources */,
				9F8DF14B20F702F7001169FA /* OCClassMockObject.m in Sources */,
				9F8DF14720F702F7001169FA /* NSMethodSignature+OCMAdditions.m in Sources */,
				9F8DF14820F702F7001169FA /* NSNotificationCenter+OCMAdditions.m in Sources */,
				9F8DF14C20F702F7001169FA /* OCMArg.m in Sources */,
				9F8DF16620F702F7001169FA /* OCPartialMockObject.m in Sources */,
				9F8DF15720F702F7001169FA /* OCMInvocationMatcher.m in Sources */,
				9F9C6C2520F5ADBE0066AAD9 /* CTObjectiveCRuntimeAdditions.m in Sources */,
				9F8DF15020F702F7001169FA /* OCMBoxedReturnValueProvider.m in Sources */,
				9F8DF16220F702F7001169FA /* OCMReturnValueProvider.m in Sources */,
				9F8DF16520F702F7001169FA /* OCObserverMockObject.m in Sources */,
				9F9C6C2620F5ADBE0066AAD9 /* NSObject+hook.m in Sources */,
				9F8DF15120F702F7001169FA /* OCMConstraint.m in Sources */,
				1B59BC711D0014D8002F7353 /* main.m in Sources */,
			);
			runOnlyForDeploymentPostprocessing = 0;
		};
/* End PBXSourcesBuildPhase section */

/* Begin PBXVariantGroup section */
		1B59BC781D0014D8002F7353 /* Main.storyboard */ = {
			isa = PBXVariantGroup;
			children = (
				1B59BC791D0014D8002F7353 /* Base */,
			);
			name = Main.storyboard;
			sourceTree = "<group>";
		};
		1B59BC7D1D0014D8002F7353 /* LaunchScreen.storyboard */ = {
			isa = PBXVariantGroup;
			children = (
				1B59BC7E1D0014D8002F7353 /* Base */,
			);
			name = LaunchScreen.storyboard;
			sourceTree = "<group>";
		};
/* End PBXVariantGroup section */

/* Begin XCBuildConfiguration section */
		1B59BC811D0014D8002F7353 /* Debug */ = {
			isa = XCBuildConfiguration;
			buildSettings = {
				ALWAYS_SEARCH_USER_PATHS = NO;
				CLANG_ANALYZER_NONNULL = YES;
				CLANG_CXX_LANGUAGE_STANDARD = "gnu++0x";
				CLANG_CXX_LIBRARY = "libc++";
				CLANG_ENABLE_MODULES = YES;
				CLANG_ENABLE_OBJC_ARC = YES;
				CLANG_WARN_BOOL_CONVERSION = YES;
				CLANG_WARN_CONSTANT_CONVERSION = YES;
				CLANG_WARN_DIRECT_OBJC_ISA_USAGE = YES_ERROR;
				CLANG_WARN_EMPTY_BODY = YES;
				CLANG_WARN_ENUM_CONVERSION = YES;
				CLANG_WARN_INT_CONVERSION = YES;
				CLANG_WARN_OBJC_ROOT_CLASS = YES_ERROR;
				CLANG_WARN_UNREACHABLE_CODE = YES;
				CLANG_WARN__DUPLICATE_METHOD_MATCH = YES;
				"CODE_SIGN_IDENTITY[sdk=iphoneos*]" = "iPhone Developer";
				COPY_PHASE_STRIP = NO;
				DEBUG_INFORMATION_FORMAT = dwarf;
				ENABLE_STRICT_OBJC_MSGSEND = YES;
				ENABLE_TESTABILITY = YES;
				GCC_C_LANGUAGE_STANDARD = gnu99;
				GCC_DYNAMIC_NO_PIC = NO;
				GCC_NO_COMMON_BLOCKS = YES;
				GCC_OPTIMIZATION_LEVEL = 0;
				GCC_PREPROCESSOR_DEFINITIONS = (
					"DEBUG=1",
					"$(inherited)",
				);
				GCC_WARN_64_TO_32_BIT_CONVERSION = YES;
				GCC_WARN_ABOUT_RETURN_TYPE = YES_ERROR;
				GCC_WARN_UNDECLARED_SELECTOR = YES;
				GCC_WARN_UNINITIALIZED_AUTOS = YES_AGGRESSIVE;
				GCC_WARN_UNUSED_FUNCTION = YES;
				GCC_WARN_UNUSED_VARIABLE = YES;
				IPHONEOS_DEPLOYMENT_TARGET = 9.3;
				MTL_ENABLE_DEBUG_INFO = YES;
				ONLY_ACTIVE_ARCH = YES;
				SDKROOT = iphoneos;
			};
			name = Debug;
		};
		1B59BC821D0014D8002F7353 /* Release */ = {
			isa = XCBuildConfiguration;
			buildSettings = {
				ALWAYS_SEARCH_USER_PATHS = NO;
				CLANG_ANALYZER_NONNULL = YES;
				CLANG_CXX_LANGUAGE_STANDARD = "gnu++0x";
				CLANG_CXX_LIBRARY = "libc++";
				CLANG_ENABLE_MODULES = YES;
				CLANG_ENABLE_OBJC_ARC = YES;
				CLANG_WARN_BOOL_CONVERSION = YES;
				CLANG_WARN_CONSTANT_CONVERSION = YES;
				CLANG_WARN_DIRECT_OBJC_ISA_USAGE = YES_ERROR;
				CLANG_WARN_EMPTY_BODY = YES;
				CLANG_WARN_ENUM_CONVERSION = YES;
				CLANG_WARN_INT_CONVERSION = YES;
				CLANG_WARN_OBJC_ROOT_CLASS = YES_ERROR;
				CLANG_WARN_UNREACHABLE_CODE = YES;
				CLANG_WARN__DUPLICATE_METHOD_MATCH = YES;
				"CODE_SIGN_IDENTITY[sdk=iphoneos*]" = "iPhone Developer";
				COPY_PHASE_STRIP = NO;
				DEBUG_INFORMATION_FORMAT = "dwarf-with-dsym";
				ENABLE_NS_ASSERTIONS = NO;
				ENABLE_STRICT_OBJC_MSGSEND = YES;
				GCC_C_LANGUAGE_STANDARD = gnu99;
				GCC_NO_COMMON_BLOCKS = YES;
				GCC_WARN_64_TO_32_BIT_CONVERSION = YES;
				GCC_WARN_ABOUT_RETURN_TYPE = YES_ERROR;
				GCC_WARN_UNDECLARED_SELECTOR = YES;
				GCC_WARN_UNINITIALIZED_AUTOS = YES_AGGRESSIVE;
				GCC_WARN_UNUSED_FUNCTION = YES;
				GCC_WARN_UNUSED_VARIABLE = YES;
				IPHONEOS_DEPLOYMENT_TARGET = 9.3;
				MTL_ENABLE_DEBUG_INFO = NO;
				SDKROOT = iphoneos;
				VALIDATE_PRODUCT = YES;
			};
			name = Release;
		};
		1B59BC841D0014D8002F7353 /* Debug */ = {
			isa = XCBuildConfiguration;
			buildSettings = {
				ASSETCATALOG_COMPILER_APPICON_NAME = AppIcon;
				DEVELOPMENT_TEAM = 74YUQF4FAH;
				INFOPLIST_FILE = KMTrackOCMsgDemo/Info.plist;
				LD_RUNPATH_SEARCH_PATHS = "$(inherited) @executable_path/Frameworks";
				LIBRARY_SEARCH_PATHS = (
					"$(inherited)",
					"$(PROJECT_DIR)/KMTrackOCMsgDemo/libffi",
				);
				OTHER_LDFLAGS = "-ObjC";
				PRODUCT_BUNDLE_IDENTIFIER = com.bp.test.BPUnrecognizedDemo;
				PRODUCT_NAME = "$(TARGET_NAME)";
			};
			name = Debug;
		};
		1B59BC851D0014D8002F7353 /* Release */ = {
			isa = XCBuildConfiguration;
			buildSettings = {
				ASSETCATALOG_COMPILER_APPICON_NAME = AppIcon;
				DEVELOPMENT_TEAM = 74YUQF4FAH;
				INFOPLIST_FILE = KMTrackOCMsgDemo/Info.plist;
				LD_RUNPATH_SEARCH_PATHS = "$(inherited) @executable_path/Frameworks";
				LIBRARY_SEARCH_PATHS = (
					"$(inherited)",
					"$(PROJECT_DIR)/KMTrackOCMsgDemo/libffi",
				);
				OTHER_LDFLAGS = "-ObjC";
				PRODUCT_BUNDLE_IDENTIFIER = com.bp.test.BPUnrecognizedDemo;
				PRODUCT_NAME = "$(TARGET_NAME)";
			};
			name = Release;
		};
/* End XCBuildConfiguration section */

/* Begin XCConfigurationList section */
		1B59BC671D0014D8002F7353 /* Build configuration list for PBXProject "KMTrackOCMsgDemo" */ = {
			isa = XCConfigurationList;
			buildConfigurations = (
				1B59BC811D0014D8002F7353 /* Debug */,
				1B59BC821D0014D8002F7353 /* Release */,
			);
			defaultConfigurationIsVisible = 0;
			defaultConfigurationName = Release;
		};
		1B59BC831D0014D8002F7353 /* Build configuration list for PBXNativeTarget "KMTrackOCMsgDemo" */ = {
			isa = XCConfigurationList;
			buildConfigurations = (
				1B59BC841D0014D8002F7353 /* Debug */,
				1B59BC851D0014D8002F7353 /* Release */,
			);
			defaultConfigurationIsVisible = 0;
			defaultConfigurationName = Release;
		};
/* End XCConfigurationList section */
	};
	rootObject = 1B59BC641D0014D8002F7353 /* Project object */;
}
